
Microsoft Visual Studio Solution File, Format Version 12.00
# Visual Studio Version 17
VisualStudioVersion = 17.14.36811.4
MinimumVisualStudioVersion = 10.0.40219.1
Project("{FAE04EC0-301F-11D3-BF4B-00C04F79EFBC}") = "PaymentTracker", "PaymentTracker\PaymentTracker.csproj", "{6DE6BB83-8FA3-40E5-AEF1-F5B66EF9B316}"
EndProject
Global
	GlobalSection(SolutionConfigurationPlatforms) = preSolution
		Debug|Any CPU = Debug|Any CPU
		Release|Any CPU = Release|Any CPU
	EndGlobalSection
	GlobalSection(ProjectConfigurationPlatforms) = postSolution
		{6DE6BB83-8FA3-40E5-AEF1-F5B66EF9B316}.Debug|Any CPU.ActiveCfg = Debug|Any CPU
		{6DE6BB83-8FA3-40E5-AEF1-F5B66EF9B316}.Debug|Any CPU.Build.0 = Debug|Any CPU
		{6DE6BB83-8FA3-40E5-AEF1-F5B66EF9B316}.Release|Any CPU.ActiveCfg = Release|Any CPU
		{6DE6BB83-8FA3-40E5-AEF1-F5B66EF9B316}.Release|Any CPU.Build.0 = Release|Any CPU
	EndGlobalSection
	GlobalSection(SolutionProperties) = preSolution
		HideSolutionNode = FALSE
	EndGlobalSection
	GlobalSection(ExtensibilityGlobals) = postSolution
		SolutionGuid = {DDB05619-565A-4108-BEAC-E1769B7FFF63}
	EndGlobalSection
EndGlobal
